{
    "_meta": {
        "hash": {
            "sha256": "ef9380cd72685c19913e39d52d98d655b759095834b77ca31e227f8ed655ad1f"
        },
        "pipfile-spec": 6,
        "requires": {
            "python_version": "3.10"
        },
        "sources": [
            {
                "name": "pypi",
                "url": "https://pypi.org/simple",
                "verify_ssl": true
            }
        ]
    },
    "default": {
        "exifread": {
            "hashes": [
                "sha256:0ac5a364169dbdf2bd62f94f5c073970ab6694a3166177f5e448b10c943e2ca4",
                "sha256:2c5c59ef03b3bbee75b82b82d2498006b3c13509f35c9a76c7552faff73fa2d5"
            ],
            "index": "pypi",
            "version": "==3.0.0"
        }
    },
    "develop": {}
}
